
Microsoft Visual Studio Solution File, Format Version 12.00
# Visual Studio Version 17
VisualStudioVersion = 17.3.32901.215
MinimumVisualStudioVersion = 10.0.40219.1
Project("{FAE04EC0-301F-11D3-BF4B-00C04F79EFBC}") = "EADExercise1AzureCloudService", "EADExercise1AzureCloudService\EADExercise1AzureCloudService.csproj", "{D8651E04-EFBC-46A2-BF42-C6461251F757}"
EndProject
Global
	GlobalSection(SolutionConfigurationPlatforms) = preSolution
		Debug|Any CPU = Debug|Any CPU
		Release|Any CPU = Release|Any CPU
	EndGlobalSection
	GlobalSection(ProjectConfigurationPlatforms) = postSolution
		{D8651E04-EFBC-46A2-BF42-C6461251F757}.Debug|Any CPU.ActiveCfg = Debug|Any CPU
		{D8651E04-EFBC-46A2-BF42-C6461251F757}.Debug|Any CPU.Build.0 = Debug|Any CPU
		{D8651E04-EFBC-46A2-BF42-C6461251F757}.Release|Any CPU.ActiveCfg = Release|Any CPU
		{D8651E04-EFBC-46A2-BF42-C6461251F757}.Release|Any CPU.Build.0 = Release|Any CPU
	EndGlobalSection
	GlobalSection(SolutionProperties) = preSolution
		HideSolutionNode = FALSE
	EndGlobalSection
	GlobalSection(ExtensibilityGlobals) = postSolution
		SolutionGuid = {DF1608CF-01BA-4385-9CCC-8D25409EB046}
	EndGlobalSection
EndGlobal
