
Microsoft Visual Studio Solution File, Format Version 12.00
# Visual Studio Version 17
VisualStudioVersion = 17.3.32901.215
MinimumVisualStudioVersion = 10.0.40219.1
Project("{FAE04EC0-301F-11D3-BF4B-00C04F79EFBC}") = "PracticeCAFilmLibrary", "PracticeCAFilmLibrary\PracticeCAFilmLibrary.csproj", "{AE257779-B545-456D-B038-2C524811F5EE}"
EndProject
Project("{FAE04EC0-301F-11D3-BF4B-00C04F79EFBC}") = "PracticeCAFilmConsoleApp", "PracticeCAFilmConsoleApp\PracticeCAFilmConsoleApp.csproj", "{DB4F7962-3606-46D5-9E2E-8FBA2BE663BB}"
EndProject
Project("{FAE04EC0-301F-11D3-BF4B-00C04F79EFBC}") = "UnitTests", "UnitTests\UnitTests.csproj", "{7F496E7B-A026-4CAD-9783-315C155CD98B}"
EndProject
Global
	GlobalSection(SolutionConfigurationPlatforms) = preSolution
		Debug|Any CPU = Debug|Any CPU
		Release|Any CPU = Release|Any CPU
	EndGlobalSection
	GlobalSection(ProjectConfigurationPlatforms) = postSolution
		{AE257779-B545-456D-B038-2C524811F5EE}.Debug|Any CPU.ActiveCfg = Debug|Any CPU
		{AE257779-B545-456D-B038-2C524811F5EE}.Debug|Any CPU.Build.0 = Debug|Any CPU
		{AE257779-B545-456D-B038-2C524811F5EE}.Release|Any CPU.ActiveCfg = Release|Any CPU
		{AE257779-B545-456D-B038-2C524811F5EE}.Release|Any CPU.Build.0 = Release|Any CPU
		{DB4F7962-3606-46D5-9E2E-8FBA2BE663BB}.Debug|Any CPU.ActiveCfg = Debug|Any CPU
		{DB4F7962-3606-46D5-9E2E-8FBA2BE663BB}.Debug|Any CPU.Build.0 = Debug|Any CPU
		{DB4F7962-3606-46D5-9E2E-8FBA2BE663BB}.Release|Any CPU.ActiveCfg = Release|Any CPU
		{DB4F7962-3606-46D5-9E2E-8FBA2BE663BB}.Release|Any CPU.Build.0 = Release|Any CPU
		{7F496E7B-A026-4CAD-9783-315C155CD98B}.Debug|Any CPU.ActiveCfg = Debug|Any CPU
		{7F496E7B-A026-4CAD-9783-315C155CD98B}.Debug|Any CPU.Build.0 = Debug|Any CPU
		{7F496E7B-A026-4CAD-9783-315C155CD98B}.Release|Any CPU.ActiveCfg = Release|Any CPU
		{7F496E7B-A026-4CAD-9783-315C155CD98B}.Release|Any CPU.Build.0 = Release|Any CPU
	EndGlobalSection
	GlobalSection(SolutionProperties) = preSolution
		HideSolutionNode = FALSE
	EndGlobalSection
	GlobalSection(ExtensibilityGlobals) = postSolution
		SolutionGuid = {6322FA08-58BD-4DD4-BE4A-03DAAD7F0403}
	EndGlobalSection
EndGlobal
