
Microsoft Visual Studio Solution File, Format Version 12.00
# Visual Studio Version 17
VisualStudioVersion = 17.3.32901.215
MinimumVisualStudioVersion = 10.0.40219.1
Project("{FAE04EC0-301F-11D3-BF4B-00C04F79EFBC}") = "CA2ConsoleApp", "CA2ConsoleApp\CA2ConsoleApp.csproj", "{245059E6-0706-443B-A6F2-106BF6664207}"
EndProject
Project("{FAE04EC0-301F-11D3-BF4B-00C04F79EFBC}") = "Api", "Api\Api.csproj", "{5CECD63E-234A-4A6E-A207-97FE72C24CDE}"
EndProject
Global
	GlobalSection(SolutionConfigurationPlatforms) = preSolution
		Debug|Any CPU = Debug|Any CPU
		Release|Any CPU = Release|Any CPU
	EndGlobalSection
	GlobalSection(ProjectConfigurationPlatforms) = postSolution
		{245059E6-0706-443B-A6F2-106BF6664207}.Debug|Any CPU.ActiveCfg = Debug|Any CPU
		{245059E6-0706-443B-A6F2-106BF6664207}.Debug|Any CPU.Build.0 = Debug|Any CPU
		{245059E6-0706-443B-A6F2-106BF6664207}.Release|Any CPU.ActiveCfg = Release|Any CPU
		{245059E6-0706-443B-A6F2-106BF6664207}.Release|Any CPU.Build.0 = Release|Any CPU
		{5CECD63E-234A-4A6E-A207-97FE72C24CDE}.Debug|Any CPU.ActiveCfg = Debug|Any CPU
		{5CECD63E-234A-4A6E-A207-97FE72C24CDE}.Debug|Any CPU.Build.0 = Debug|Any CPU
		{5CECD63E-234A-4A6E-A207-97FE72C24CDE}.Release|Any CPU.ActiveCfg = Release|Any CPU
		{5CECD63E-234A-4A6E-A207-97FE72C24CDE}.Release|Any CPU.Build.0 = Release|Any CPU
	EndGlobalSection
	GlobalSection(SolutionProperties) = preSolution
		HideSolutionNode = FALSE
	EndGlobalSection
	GlobalSection(ExtensibilityGlobals) = postSolution
		SolutionGuid = {6D94ED8A-A879-4616-859C-921767995FAF}
	EndGlobalSection
EndGlobal
