
Microsoft Visual Studio Solution File, Format Version 12.00
# Visual Studio Version 17
VisualStudioVersion = 17.3.32901.215
MinimumVisualStudioVersion = 10.0.40219.1
Project("{FAE04EC0-301F-11D3-BF4B-00C04F79EFBC}") = "PhoneBV1", "PhoneBV1\PhoneBV1.csproj", "{B1FC7148-0054-4B8D-B5FF-4C256A0FAF13}"
EndProject
Global
	GlobalSection(SolutionConfigurationPlatforms) = preSolution
		Debug|Any CPU = Debug|Any CPU
		Release|Any CPU = Release|Any CPU
	EndGlobalSection
	GlobalSection(ProjectConfigurationPlatforms) = postSolution
		{B1FC7148-0054-4B8D-B5FF-4C256A0FAF13}.Debug|Any CPU.ActiveCfg = Debug|Any CPU
		{B1FC7148-0054-4B8D-B5FF-4C256A0FAF13}.Debug|Any CPU.Build.0 = Debug|Any CPU
		{B1FC7148-0054-4B8D-B5FF-4C256A0FAF13}.Release|Any CPU.ActiveCfg = Release|Any CPU
		{B1FC7148-0054-4B8D-B5FF-4C256A0FAF13}.Release|Any CPU.Build.0 = Release|Any CPU
	EndGlobalSection
	GlobalSection(SolutionProperties) = preSolution
		HideSolutionNode = FALSE
	EndGlobalSection
	GlobalSection(ExtensibilityGlobals) = postSolution
		SolutionGuid = {C782729D-EB4F-4A4E-8965-7ECA91B927E8}
	EndGlobalSection
EndGlobal
